
Microsoft Visual Studio Solution File, Format Version 12.00
# Visual Studio 15
VisualStudioVersion = 15.0.27703.2018
MinimumVisualStudioVersion = 10.0.40219.1
Project("{FAE04EC0-301F-11D3-BF4B-00C04F79EFBC}") = "jSwan", "jSwan\jSwan.csproj", "{5C28A83B-E55A-4C54-83EF-E7BC6ACED091}"
EndProject
Global
	GlobalSection(SolutionConfigurationPlatforms) = preSolution
		Debug|Any CPU = Debug|Any CPU
		Release|Any CPU = Release|Any CPU
	EndGlobalSection
	GlobalSection(ProjectConfigurationPlatforms) = postSolution
		{5C28A83B-E55A-4C54-83EF-E7BC6ACED091}.Debug|Any CPU.ActiveCfg = Debug|Any CPU
		{5C28A83B-E55A-4C54-83EF-E7BC6ACED091}.Debug|Any CPU.Build.0 = Debug|Any CPU
		{5C28A83B-E55A-4C54-83EF-E7BC6ACED091}.Release|Any CPU.ActiveCfg = Release|Any CPU
		{5C28A83B-E55A-4C54-83EF-E7BC6ACED091}.Release|Any CPU.Build.0 = Release|Any CPU
	EndGlobalSection
	GlobalSection(SolutionProperties) = preSolution
		HideSolutionNode = FALSE
	EndGlobalSection
	GlobalSection(ExtensibilityGlobals) = postSolution
		SolutionGuid = {61714097-8827-4B0E-8E86-71C4BDECE9BC}
	EndGlobalSection
EndGlobal
